# This file is automatically @generated by Cargo.
# It is not intended for manual editing.
version = 4

[[package]]
name = "nightjar-codec"
version = "0.1.0"
dependencies = [
 "nightjar-types",
]

[[package]]
name = "nightjar-crypto"
version = "0.1.0"
dependencies = [
 "nightjar-types",
]

[[package]]
name = "nightjar-network"
version = "0.1.0"
dependencies = [
 "nightjar-types",
]

[[package]]
name = "nightjar-node"
version = "0.1.0"
dependencies = [
 "nightjar-codec",
 "nightjar-crypto",
 "nightjar-network",
 "nightjar-pvm",
 "nightjar-state",
 "nightjar-stf",
 "nightjar-trie",
 "nightjar-types",
 "nightjar-validation",
]

[[package]]
name = "nightjar-pvm"
version = "0.1.0"
dependencies = [
 "nightjar-types",
]

[[package]]
name = "nightjar-state"
version = "0.1.0"
dependencies = [
 "nightjar-trie",
 "nightjar-types",
]

[[package]]
name = "nightjar-stf"
version = "0.1.0"
dependencies = [
 "nightjar-codec",
 "nightjar-crypto",
 "nightjar-state",
 "nightjar-types",
]

[[package]]
name = "nightjar-trie"
version = "0.1.0"
dependencies = [
 "nightjar-codec",
 "nightjar-crypto",
 "nightjar-types",
]

[[package]]
name = "nightjar-types"
version = "0.1.0"

[[package]]
name = "nightjar-validation"
version = "0.1.0"
dependencies = [
 "nightjar-crypto",
 "nightjar-state",
 "nightjar-types",
]
